
Microsoft Visual Studio Solution File, Format Version 12.00
# Visual Studio Version 17
VisualStudioVersion = 17.8.34330.188
MinimumVisualStudioVersion = 10.0.40219.1
Project("{FAE04EC0-301F-11D3-BF4B-00C04F79EFBC}") = "MyHealth", "MyHealth.csproj", "{FDB1E3DF-8B29-4F78-AA09-9294AAAC05D3}"
EndProject
Global
	GlobalSection(SolutionConfigurationPlatforms) = preSolution
		Debug|Any CPU = Debug|Any CPU
		Release|Any CPU = Release|Any CPU
	EndGlobalSection
	GlobalSection(ProjectConfigurationPlatforms) = postSolution
		{FDB1E3DF-8B29-4F78-AA09-9294AAAC05D3}.Debug|Any CPU.ActiveCfg = Debug|Any CPU
		{FDB1E3DF-8B29-4F78-AA09-9294AAAC05D3}.Debug|Any CPU.Build.0 = Debug|Any CPU
		{FDB1E3DF-8B29-4F78-AA09-9294AAAC05D3}.Release|Any CPU.ActiveCfg = Release|Any CPU
		{FDB1E3DF-8B29-4F78-AA09-9294AAAC05D3}.Release|Any CPU.Build.0 = Release|Any CPU
	EndGlobalSection
	GlobalSection(SolutionProperties) = preSolution
		HideSolutionNode = FALSE
	EndGlobalSection
	GlobalSection(ExtensibilityGlobals) = postSolution
		SolutionGuid = {D78B860B-89D8-4257-BBC0-9A8CCE341A5B}
	EndGlobalSection
EndGlobal
